
Microsoft Visual Studio Solution File, Format Version 12.00
# Visual Studio Version 17
VisualStudioVersion = 17.14.36212.18 d17.14
MinimumVisualStudioVersion = 10.0.40219.1
Project("{FAE04EC0-301F-11D3-BF4B-00C04F79EFBC}") = "BibliotecaScolastica", "BibliotecaScolastica\BibliotecaScolastica.csproj", "{6AE592B0-0548-438F-B828-E7BD265142A3}"
EndProject
Global
	GlobalSection(SolutionConfigurationPlatforms) = preSolution
		Debug|Any CPU = Debug|Any CPU
		Release|Any CPU = Release|Any CPU
	EndGlobalSection
	GlobalSection(ProjectConfigurationPlatforms) = postSolution
		{6AE592B0-0548-438F-B828-E7BD265142A3}.Debug|Any CPU.ActiveCfg = Debug|Any CPU
		{6AE592B0-0548-438F-B828-E7BD265142A3}.Debug|Any CPU.Build.0 = Debug|Any CPU
		{6AE592B0-0548-438F-B828-E7BD265142A3}.Release|Any CPU.ActiveCfg = Release|Any CPU
		{6AE592B0-0548-438F-B828-E7BD265142A3}.Release|Any CPU.Build.0 = Release|Any CPU
	EndGlobalSection
	GlobalSection(SolutionProperties) = preSolution
		HideSolutionNode = FALSE
	EndGlobalSection
	GlobalSection(ExtensibilityGlobals) = postSolution
		SolutionGuid = {32139031-AB40-4DF7-AF33-DBA72E38FA91}
	EndGlobalSection
EndGlobal
